// !$*UTF8*$!
{
	archiveVersion = 1;
	classes = {
	};
	objectVersion = 56;
	objects = {

/* Begin PBXBuildFile section */
		0F0F49A72C1D85DC00552562 /* ListCardView.swift in Sources */ = {isa = PBXBuildFile; fileRef = 0F0F49A62C1D85DC00552562 /* ListCardView.swift */; };
		0F12DE632C1B34F200DA0187 /* WhislistViewModel.swift in Sources */ = {isa = PBXBuildFile; fileRef = 0F12DE622C1B34F200DA0187 /* WhislistViewModel.swift */; };
		0F12DE662C1B378000DA0187 /* WideCardView.swift in Sources */ = {isa = PBXBuildFile; fileRef = 0F12DE652C1B378000DA0187 /* WideCardView.swift */; };
		0F3373D92BF8B8B8004B72C8 /* MybraryApp.swift in Sources */ = {isa = PBXBuildFile; fileRef = 0F3373D82BF8B8B8004B72C8 /* MybraryApp.swift */; };
		0F3373DB2BF8B8B8004B72C8 /* ContentView.swift in Sources */ = {isa = PBXBuildFile; fileRef = 0F3373DA2BF8B8B8004B72C8 /* ContentView.swift */; };
		0F3373DD2BF8B8B9004B72C8 /* Assets.xcassets in Resources */ = {isa = PBXBuildFile; fileRef = 0F3373DC2BF8B8B9004B72C8 /* Assets.xcassets */; };
		0F3373E02BF8B8B9004B72C8 /* Preview Assets.xcassets in Resources */ = {isa = PBXBuildFile; fileRef = 0F3373DF2BF8B8B9004B72C8 /* Preview Assets.xcassets */; };
		0F3373EA2BF8B8B9004B72C8 /* MybraryTests.swift in Sources */ = {isa = PBXBuildFile; fileRef = 0F3373E92BF8B8B9004B72C8 /* MybraryTests.swift */; };
		0F3373F42BF8B8B9004B72C8 /* MybraryUITests.swift in Sources */ = {isa = PBXBuildFile; fileRef = 0F3373F32BF8B8B9004B72C8 /* MybraryUITests.swift */; };
		0F3373F62BF8B8B9004B72C8 /* MybraryUITestsLaunchTests.swift in Sources */ = {isa = PBXBuildFile; fileRef = 0F3373F52BF8B8B9004B72C8 /* MybraryUITestsLaunchTests.swift */; };
		0F3374072BF8C20E004B72C8 /* HomepageView.swift in Sources */ = {isa = PBXBuildFile; fileRef = 0F3374062BF8C20E004B72C8 /* HomepageView.swift */; };
		0F33740C2BF8C348004B72C8 /* LibraryView.swift in Sources */ = {isa = PBXBuildFile; fileRef = 0F33740B2BF8C348004B72C8 /* LibraryView.swift */; };
		0F33740F2BF8C3C7004B72C8 /* WishlistView.swift in Sources */ = {isa = PBXBuildFile; fileRef = 0F33740E2BF8C3C7004B72C8 /* WishlistView.swift */; };
		0F3374112BF8C5BA004B72C8 /* MainTabView.swift in Sources */ = {isa = PBXBuildFile; fileRef = 0F3374102BF8C5BA004B72C8 /* MainTabView.swift */; };
		0F3EADDB2C2206A000265BE1 /* ChallangesView.swift in Sources */ = {isa = PBXBuildFile; fileRef = 0F3EADDA2C2206A000265BE1 /* ChallangesView.swift */; };
		0F3EADDD2C22084500265BE1 /* ChallangeCardView.swift in Sources */ = {isa = PBXBuildFile; fileRef = 0F3EADDC2C22084500265BE1 /* ChallangeCardView.swift */; };
		0F3EADDF2C220B2800265BE1 /* ChallangesViewModel.swift in Sources */ = {isa = PBXBuildFile; fileRef = 0F3EADDE2C220B2800265BE1 /* ChallangesViewModel.swift */; };
		0FA38E5A2C1C7F4700768A0F /* TallCardView.swift in Sources */ = {isa = PBXBuildFile; fileRef = 0FA38E592C1C7F4700768A0F /* TallCardView.swift */; };
		0FA38E5E2C1C949100768A0F /* HeaderScrollView.swift in Sources */ = {isa = PBXBuildFile; fileRef = 0FA38E5D2C1C949100768A0F /* HeaderScrollView.swift */; };
		0FA38E612C1C9AF600768A0F /* HeaderScrollViewModel.swift in Sources */ = {isa = PBXBuildFile; fileRef = 0FA38E602C1C9AF600768A0F /* HeaderScrollViewModel.swift */; };
/* End PBXBuildFile section */

/* Begin PBXContainerItemProxy section */
		0F3373E62BF8B8B9004B72C8 /* PBXContainerItemProxy */ = {
			isa = PBXContainerItemProxy;
			containerPortal = 0F3373CD2BF8B8B8004B72C8 /* Project object */;
			proxyType = 1;
			remoteGlobalIDString = 0F3373D42BF8B8B8004B72C8;
			remoteInfo = Mybrary;
		};
		0F3373F02BF8B8B9004B72C8 /* PBXContainerItemProxy */ = {
			isa = PBXContainerItemProxy;
			containerPortal = 0F3373CD2BF8B8B8004B72C8 /* Project object */;
			proxyType = 1;
			remoteGlobalIDString = 0F3373D42BF8B8B8004B72C8;
			remoteInfo = Mybrary;
		};
/* End PBXContainerItemProxy section */

/* Begin PBXFileReference section */
		0F0F49A62C1D85DC00552562 /* ListCardView.swift */ = {isa = PBXFileReference; lastKnownFileType = sourcecode.swift; path = ListCardView.swift; sourceTree = "<group>"; };
		0F12DE622C1B34F200DA0187 /* WhislistViewModel.swift */ = {isa = PBXFileReference; lastKnownFileType = sourcecode.swift; path = WhislistViewModel.swift; sourceTree = "<group>"; };
		0F12DE652C1B378000DA0187 /* WideCardView.swift */ = {isa = PBXFileReference; lastKnownFileType = sourcecode.swift; path = WideCardView.swift; sourceTree = "<group>"; };
		0F3373D52BF8B8B8004B72C8 /* Mybrary.app */ = {isa = PBXFileReference; explicitFileType = wrapper.application; includeInIndex = 0; path = Mybrary.app; sourceTree = BUILT_PRODUCTS_DIR; };
		0F3373D82BF8B8B8004B72C8 /* MybraryApp.swift */ = {isa = PBXFileReference; lastKnownFileType = sourcecode.swift; path = MybraryApp.swift; sourceTree = "<group>"; };
		0F3373DA2BF8B8B8004B72C8 /* ContentView.swift */ = {isa = PBXFileReference; lastKnownFileType = sourcecode.swift; path = ContentView.swift; sourceTree = "<group>"; };
		0F3373DC2BF8B8B9004B72C8 /* Assets.xcassets */ = {isa = PBXFileReference; lastKnownFileType = folder.assetcatalog; path = Assets.xcassets; sourceTree = "<group>"; };
		0F3373DF2BF8B8B9004B72C8 /* Preview Assets.xcassets */ = {isa = PBXFileReference; lastKnownFileType = folder.assetcatalog; path = "Preview Assets.xcassets"; sourceTree = "<group>"; };
		0F3373E52BF8B8B9004B72C8 /* MybraryTests.xctest */ = {isa = PBXFileReference; explicitFileType = wrapper.cfbundle; includeInIndex = 0; path = MybraryTests.xctest; sourceTree = BUILT_PRODUCTS_DIR; };
		0F3373E92BF8B8B9004B72C8 /* MybraryTests.swift */ = {isa = PBXFileReference; lastKnownFileType = sourcecode.swift; path = MybraryTests.swift; sourceTree = "<group>"; };
		0F3373EF2BF8B8B9004B72C8 /* MybraryUITests.xctest */ = {isa = PBXFileReference; explicitFileType = wrapper.cfbundle; includeInIndex = 0; path = MybraryUITests.xctest; sourceTree = BUILT_PRODUCTS_DIR; };
		0F3373F32BF8B8B9004B72C8 /* MybraryUITests.swift */ = {isa = PBXFileReference; lastKnownFileType = sourcecode.swift; path = MybraryUITests.swift; sourceTree = "<group>"; };
		0F3373F52BF8B8B9004B72C8 /* MybraryUITestsLaunchTests.swift */ = {isa = PBXFileReference; lastKnownFileType = sourcecode.swift; path = MybraryUITestsLaunchTests.swift; sourceTree = "<group>"; };
		0F3374062BF8C20E004B72C8 /* HomepageView.swift */ = {isa = PBXFileReference; lastKnownFileType = sourcecode.swift; path = HomepageView.swift; sourceTree = "<group>"; };
		0F33740B2BF8C348004B72C8 /* LibraryView.swift */ = {isa = PBXFileReference; lastKnownFileType = sourcecode.swift; path = LibraryView.swift; sourceTree = "<group>"; };
		0F33740E2BF8C3C7004B72C8 /* WishlistView.swift */ = {isa = PBXFileReference; lastKnownFileType = sourcecode.swift; path = WishlistView.swift; sourceTree = "<group>"; };
		0F3374102BF8C5BA004B72C8 /* MainTabView.swift */ = {isa = PBXFileReference; lastKnownFileType = sourcecode.swift; path = MainTabView.swift; sourceTree = "<group>"; };
		0F3EADDA2C2206A000265BE1 /* ChallangesView.swift */ = {isa = PBXFileReference; lastKnownFileType = sourcecode.swift; path = ChallangesView.swift; sourceTree = "<group>"; };
		0F3EADDC2C22084500265BE1 /* ChallangeCardView.swift */ = {isa = PBXFileReference; lastKnownFileType = sourcecode.swift; path = ChallangeCardView.swift; sourceTree = "<group>"; };
		0F3EADDE2C220B2800265BE1 /* ChallangesViewModel.swift */ = {isa = PBXFileReference; lastKnownFileType = sourcecode.swift; path = ChallangesViewModel.swift; sourceTree = "<group>"; };
		0FA38E592C1C7F4700768A0F /* TallCardView.swift */ = {isa = PBXFileReference; lastKnownFileType = sourcecode.swift; path = TallCardView.swift; sourceTree = "<group>"; };
		0FA38E5D2C1C949100768A0F /* HeaderScrollView.swift */ = {isa = PBXFileReference; lastKnownFileType = sourcecode.swift; path = HeaderScrollView.swift; sourceTree = "<group>"; };
		0FA38E602C1C9AF600768A0F /* HeaderScrollViewModel.swift */ = {isa = PBXFileReference; lastKnownFileType = sourcecode.swift; path = HeaderScrollViewModel.swift; sourceTree = "<group>"; };
/* End PBXFileReference section */

/* Begin PBXFrameworksBuildPhase section */
		0F3373D22BF8B8B8004B72C8 /* Frameworks */ = {
			isa = PBXFrameworksBuildPhase;
			buildActionMask = 2147483647;
			files = (
			);
			runOnlyForDeploymentPostprocessing = 0;
		};
		0F3373E22BF8B8B9004B72C8 /* Frameworks */ = {
			isa = PBXFrameworksBuildPhase;
			buildActionMask = 2147483647;
			files = (
			);
			runOnlyForDeploymentPostprocessing = 0;
		};
		0F3373EC2BF8B8B9004B72C8 /* Frameworks */ = {
			isa = PBXFrameworksBuildPhase;
			buildActionMask = 2147483647;
			files = (
			);
			runOnlyForDeploymentPostprocessing = 0;
		};
/* End PBXFrameworksBuildPhase section */

/* Begin PBXGroup section */
		0F12DE642C1B377100DA0187 /* Card */ = {
			isa = PBXGroup;
			children = (
				0F12DE652C1B378000DA0187 /* WideCardView.swift */,
				0FA38E592C1C7F4700768A0F /* TallCardView.swift */,
				0F0F49A62C1D85DC00552562 /* ListCardView.swift */,
				0F3EADDC2C22084500265BE1 /* ChallangeCardView.swift */,
			);
			path = Card;
			sourceTree = "<group>";
		};
		0F3373CC2BF8B8B8004B72C8 = {
			isa = PBXGroup;
			children = (
				0F3373D72BF8B8B8004B72C8 /* Mybrary */,
				0F3373E82BF8B8B9004B72C8 /* MybraryTests */,
				0F3373F22BF8B8B9004B72C8 /* MybraryUITests */,
				0F3373D62BF8B8B8004B72C8 /* Products */,
			);
			sourceTree = "<group>";
		};
		0F3373D62BF8B8B8004B72C8 /* Products */ = {
			isa = PBXGroup;
			children = (
				0F3373D52BF8B8B8004B72C8 /* Mybrary.app */,
				0F3373E52BF8B8B9004B72C8 /* MybraryTests.xctest */,
				0F3373EF2BF8B8B9004B72C8 /* MybraryUITests.xctest */,
			);
			name = Products;
			sourceTree = "<group>";
		};
		0F3373D72BF8B8B8004B72C8 /* Mybrary */ = {
			isa = PBXGroup;
			children = (
				0F3374082BF8C2B4004B72C8 /* Screens */,
				0F3373D82BF8B8B8004B72C8 /* MybraryApp.swift */,
				0F3373DA2BF8B8B8004B72C8 /* ContentView.swift */,
				0F3373DC2BF8B8B9004B72C8 /* Assets.xcassets */,
				0F3373DE2BF8B8B9004B72C8 /* Preview Content */,
			);
			path = Mybrary;
			sourceTree = "<group>";
		};
		0F3373DE2BF8B8B9004B72C8 /* Preview Content */ = {
			isa = PBXGroup;
			children = (
				0F3373DF2BF8B8B9004B72C8 /* Preview Assets.xcassets */,
			);
			path = "Preview Content";
			sourceTree = "<group>";
		};
		0F3373E82BF8B8B9004B72C8 /* MybraryTests */ = {
			isa = PBXGroup;
			children = (
				0F3373E92BF8B8B9004B72C8 /* MybraryTests.swift */,
			);
			path = MybraryTests;
			sourceTree = "<group>";
		};
		0F3373F22BF8B8B9004B72C8 /* MybraryUITests */ = {
			isa = PBXGroup;
			children = (
				0F3373F32BF8B8B9004B72C8 /* MybraryUITests.swift */,
				0F3373F52BF8B8B9004B72C8 /* MybraryUITestsLaunchTests.swift */,
			);
			path = MybraryUITests;
			sourceTree = "<group>";
		};
		0F3374082BF8C2B4004B72C8 /* Screens */ = {
			isa = PBXGroup;
			children = (
				0F3EADD92C22068C00265BE1 /* Challanges */,
				0F3374092BF8C2BF004B72C8 /* Home */,
				0F33740A2BF8C2F2004B72C8 /* Library */,
				0F33740D2BF8C3B4004B72C8 /* Wishlist */,
				0F12DE642C1B377100DA0187 /* Card */,
				0F3374102BF8C5BA004B72C8 /* MainTabView.swift */,
			);
			path = Screens;
			sourceTree = "<group>";
		};
		0F3374092BF8C2BF004B72C8 /* Home */ = {
			isa = PBXGroup;
			children = (
				0F3374062BF8C20E004B72C8 /* HomepageView.swift */,
				0FA38E5F2C1C9AD700768A0F /* HeaderScrollView */,
			);
			path = Home;
			sourceTree = "<group>";
		};
		0F33740A2BF8C2F2004B72C8 /* Library */ = {
			isa = PBXGroup;
			children = (
				0F33740B2BF8C348004B72C8 /* LibraryView.swift */,
			);
			path = Library;
			sourceTree = "<group>";
		};
		0F33740D2BF8C3B4004B72C8 /* Wishlist */ = {
			isa = PBXGroup;
			children = (
				0F33740E2BF8C3C7004B72C8 /* WishlistView.swift */,
				0F12DE622C1B34F200DA0187 /* WhislistViewModel.swift */,
			);
			path = Wishlist;
			sourceTree = "<group>";
		};
		0F3EADD92C22068C00265BE1 /* Challanges */ = {
			isa = PBXGroup;
			children = (
				0F3EADDA2C2206A000265BE1 /* ChallangesView.swift */,
				0F3EADDE2C220B2800265BE1 /* ChallangesViewModel.swift */,
			);
			path = Challanges;
			sourceTree = "<group>";
		};
		0FA38E5F2C1C9AD700768A0F /* HeaderScrollView */ = {
			isa = PBXGroup;
			children = (
				0FA38E5D2C1C949100768A0F /* HeaderScrollView.swift */,
				0FA38E602C1C9AF600768A0F /* HeaderScrollViewModel.swift */,
			);
			path = HeaderScrollView;
			sourceTree = "<group>";
		};
/* End PBXGroup section */

/* Begin PBXNativeTarget section */
		0F3373D42BF8B8B8004B72C8 /* Mybrary */ = {
			isa = PBXNativeTarget;
			buildConfigurationList = 0F3373F92BF8B8B9004B72C8 /* Build configuration list for PBXNativeTarget "Mybrary" */;
			buildPhases = (
				0F3373D12BF8B8B8004B72C8 /* Sources */,
				0F3373D22BF8B8B8004B72C8 /* Frameworks */,
				0F3373D32BF8B8B8004B72C8 /* Resources */,
			);
			buildRules = (
			);
			dependencies = (
			);
			name = Mybrary;
			productName = Mybrary;
			productReference = 0F3373D52BF8B8B8004B72C8 /* Mybrary.app */;
			productType = "com.apple.product-type.application";
		};
		0F3373E42BF8B8B9004B72C8 /* MybraryTests */ = {
			isa = PBXNativeTarget;
			buildConfigurationList = 0F3373FC2BF8B8B9004B72C8 /* Build configuration list for PBXNativeTarget "MybraryTests" */;
			buildPhases = (
				0F3373E12BF8B8B9004B72C8 /* Sources */,
				0F3373E22BF8B8B9004B72C8 /* Frameworks */,
				0F3373E32BF8B8B9004B72C8 /* Resources */,
			);
			buildRules = (
			);
			dependencies = (
				0F3373E72BF8B8B9004B72C8 /* PBXTargetDependency */,
			);
			name = MybraryTests;
			productName = MybraryTests;
			productReference = 0F3373E52BF8B8B9004B72C8 /* MybraryTests.xctest */;
			productType = "com.apple.product-type.bundle.unit-test";
		};
		0F3373EE2BF8B8B9004B72C8 /* MybraryUITests */ = {
			isa = PBXNativeTarget;
			buildConfigurationList = 0F3373FF2BF8B8B9004B72C8 /* Build configuration list for PBXNativeTarget "MybraryUITests" */;
			buildPhases = (
				0F3373EB2BF8B8B9004B72C8 /* Sources */,
				0F3373EC2BF8B8B9004B72C8 /* Frameworks */,
				0F3373ED2BF8B8B9004B72C8 /* Resources */,
			);
			buildRules = (
			);
			dependencies = (
				0F3373F12BF8B8B9004B72C8 /* PBXTargetDependency */,
			);
			name = MybraryUITests;
			productName = MybraryUITests;
			productReference = 0F3373EF2BF8B8B9004B72C8 /* MybraryUITests.xctest */;
			productType = "com.apple.product-type.bundle.ui-testing";
		};
/* End PBXNativeTarget section */

/* Begin PBXProject section */
		0F3373CD2BF8B8B8004B72C8 /* Project object */ = {
			isa = PBXProject;
			attributes = {
				BuildIndependentTargetsInParallel = 1;
				LastSwiftUpdateCheck = 1540;
				LastUpgradeCheck = 1540;
				TargetAttributes = {
					0F3373D42BF8B8B8004B72C8 = {
						CreatedOnToolsVersion = 15.4;
					};
					0F3373E42BF8B8B9004B72C8 = {
						CreatedOnToolsVersion = 15.4;
						TestTargetID = 0F3373D42BF8B8B8004B72C8;
					};
					0F3373EE2BF8B8B9004B72C8 = {
						CreatedOnToolsVersion = 15.4;
						TestTargetID = 0F3373D42BF8B8B8004B72C8;
					};
				};
			};
			buildConfigurationList = 0F3373D02BF8B8B8004B72C8 /* Build configuration list for PBXProject "Mybrary" */;
			compatibilityVersion = "Xcode 14.0";
			developmentRegion = en;
			hasScannedForEncodings = 0;
			knownRegions = (
				en,
				Base,
			);
			mainGroup = 0F3373CC2BF8B8B8004B72C8;
			productRefGroup = 0F3373D62BF8B8B8004B72C8 /* Products */;
			projectDirPath = "";
			projectRoot = "";
			targets = (
				0F3373D42BF8B8B8004B72C8 /* Mybrary */,
				0F3373E42BF8B8B9004B72C8 /* MybraryTests */,
				0F3373EE2BF8B8B9004B72C8 /* MybraryUITests */,
			);
		};
/* End PBXProject section */

/* Begin PBXResourcesBuildPhase section */
		0F3373D32BF8B8B8004B72C8 /* Resources */ = {
			isa = PBXResourcesBuildPhase;
			buildActionMask = 2147483647;
			files = (
				0F3373E02BF8B8B9004B72C8 /* Preview Assets.xcassets in Resources */,
				0F3373DD2BF8B8B9004B72C8 /* Assets.xcassets in Resources */,
			);
			runOnlyForDeploymentPostprocessing = 0;
		};
		0F3373E32BF8B8B9004B72C8 /* Resources */ = {
			isa = PBXResourcesBuildPhase;
			buildActionMask = 2147483647;
			files = (
			);
			runOnlyForDeploymentPostprocessing = 0;
		};
		0F3373ED2BF8B8B9004B72C8 /* Resources */ = {
			isa = PBXResourcesBuildPhase;
			buildActionMask = 2147483647;
			files = (
			);
			runOnlyForDeploymentPostprocessing = 0;
		};
/* End PBXResourcesBuildPhase section */

/* Begin PBXSourcesBuildPhase section */
		0F3373D12BF8B8B8004B72C8 /* Sources */ = {
			isa = PBXSourcesBuildPhase;
			buildActionMask = 2147483647;
			files = (
				0F0F49A72C1D85DC00552562 /* ListCardView.swift in Sources */,
				0F3EADDF2C220B2800265BE1 /* ChallangesViewModel.swift in Sources */,
				0FA38E5A2C1C7F4700768A0F /* TallCardView.swift in Sources */,
				0FA38E612C1C9AF600768A0F /* HeaderScrollViewModel.swift in Sources */,
				0F12DE632C1B34F200DA0187 /* WhislistViewModel.swift in Sources */,
				0F33740C2BF8C348004B72C8 /* LibraryView.swift in Sources */,
				0F3374072BF8C20E004B72C8 /* HomepageView.swift in Sources */,
				0F3373DB2BF8B8B8004B72C8 /* ContentView.swift in Sources */,
				0F33740F2BF8C3C7004B72C8 /* WishlistView.swift in Sources */,
				0F3373D92BF8B8B8004B72C8 /* MybraryApp.swift in Sources */,
				0F3EADDB2C2206A000265BE1 /* ChallangesView.swift in Sources */,
				0F3EADDD2C22084500265BE1 /* ChallangeCardView.swift in Sources */,
				0FA38E5E2C1C949100768A0F /* HeaderScrollView.swift in Sources */,
				0F12DE662C1B378000DA0187 /* WideCardView.swift in Sources */,
				0F3374112BF8C5BA004B72C8 /* MainTabView.swift in Sources */,
			);
			runOnlyForDeploymentPostprocessing = 0;
		};
		0F3373E12BF8B8B9004B72C8 /* Sources */ = {
			isa = PBXSourcesBuildPhase;
			buildActionMask = 2147483647;
			files = (
				0F3373EA2BF8B8B9004B72C8 /* MybraryTests.swift in Sources */,
			);
			runOnlyForDeploymentPostprocessing = 0;
		};
		0F3373EB2BF8B8B9004B72C8 /* Sources */ = {
			isa = PBXSourcesBuildPhase;
			buildActionMask = 2147483647;
			files = (
				0F3373F42BF8B8B9004B72C8 /* MybraryUITests.swift in Sources */,
				0F3373F62BF8B8B9004B72C8 /* MybraryUITestsLaunchTests.swift in Sources */,
			);
			runOnlyForDeploymentPostprocessing = 0;
		};
/* End PBXSourcesBuildPhase section */

/* Begin PBXTargetDependency section */
		0F3373E72BF8B8B9004B72C8 /* PBXTargetDependency */ = {
			isa = PBXTargetDependency;
			target = 0F3373D42BF8B8B8004B72C8 /* Mybrary */;
			targetProxy = 0F3373E62BF8B8B9004B72C8 /* PBXContainerItemProxy */;
		};
		0F3373F12BF8B8B9004B72C8 /* PBXTargetDependency */ = {
			isa = PBXTargetDependency;
			target = 0F3373D42BF8B8B8004B72C8 /* Mybrary */;
			targetProxy = 0F3373F02BF8B8B9004B72C8 /* PBXContainerItemProxy */;
		};
/* End PBXTargetDependency section */

/* Begin XCBuildConfiguration section */
		0F3373F72BF8B8B9004B72C8 /* Debug */ = {
			isa = XCBuildConfiguration;
			buildSettings = {
				ALWAYS_SEARCH_USER_PATHS = NO;
				ASSETCATALOG_COMPILER_GENERATE_SWIFT_ASSET_SYMBOL_EXTENSIONS = YES;
				CLANG_ANALYZER_NONNULL = YES;
				CLANG_ANALYZER_NUMBER_OBJECT_CONVERSION = YES_AGGRESSIVE;
				CLANG_CXX_LANGUAGE_STANDARD = "gnu++20";
				CLANG_ENABLE_MODULES = YES;
				CLANG_ENABLE_OBJC_ARC = YES;
				CLANG_ENABLE_OBJC_WEAK = YES;
				CLANG_WARN_BLOCK_CAPTURE_AUTORELEASING = YES;
				CLANG_WARN_BOOL_CONVERSION = YES;
				CLANG_WARN_COMMA = YES;
				CLANG_WARN_CONSTANT_CONVERSION = YES;
				CLANG_WARN_DEPRECATED_OBJC_IMPLEMENTATIONS = YES;
				CLANG_WARN_DIRECT_OBJC_ISA_USAGE = YES_ERROR;
				CLANG_WARN_DOCUMENTATION_COMMENTS = YES;
				CLANG_WARN_EMPTY_BODY = YES;
				CLANG_WARN_ENUM_CONVERSION = YES;
				CLANG_WARN_INFINITE_RECURSION = YES;
				CLANG_WARN_INT_CONVERSION = YES;
				CLANG_WARN_NON_LITERAL_NULL_CONVERSION = YES;
				CLANG_WARN_OBJC_IMPLICIT_RETAIN_SELF = YES;
				CLANG_WARN_OBJC_LITERAL_CONVERSION = YES;
				CLANG_WARN_OBJC_ROOT_CLASS = YES_ERROR;
				CLANG_WARN_QUOTED_INCLUDE_IN_FRAMEWORK_HEADER = YES;
				CLANG_WARN_RANGE_LOOP_ANALYSIS = YES;
				CLANG_WARN_STRICT_PROTOTYPES = YES;
				CLANG_WARN_SUSPICIOUS_MOVE = YES;
				CLANG_WARN_UNGUARDED_AVAILABILITY = YES_AGGRESSIVE;
				CLANG_WARN_UNREACHABLE_CODE = YES;
				CLANG_WARN__DUPLICATE_METHOD_MATCH = YES;
				COPY_PHASE_STRIP = NO;
				DEBUG_INFORMATION_FORMAT = dwarf;
				ENABLE_STRICT_OBJC_MSGSEND = YES;
				ENABLE_TESTABILITY = YES;
				ENABLE_USER_SCRIPT_SANDBOXING = YES;
				GCC_C_LANGUAGE_STANDARD = gnu17;
				GCC_DYNAMIC_NO_PIC = NO;
				GCC_NO_COMMON_BLOCKS = YES;
				GCC_OPTIMIZATION_LEVEL = 0;
				GCC_PREPROCESSOR_DEFINITIONS = (
					"DEBUG=1",
					"$(inherited)",
				);
				GCC_WARN_64_TO_32_BIT_CONVERSION = YES;
				GCC_WARN_ABOUT_RETURN_TYPE = YES_ERROR;
				GCC_WARN_UNDECLARED_SELECTOR = YES;
				GCC_WARN_UNINITIALIZED_AUTOS = YES_AGGRESSIVE;
				GCC_WARN_UNUSED_FUNCTION = YES;
				GCC_WARN_UNUSED_VARIABLE = YES;
				IPHONEOS_DEPLOYMENT_TARGET = 17.5;
				LOCALIZATION_PREFERS_STRING_CATALOGS = YES;
				MTL_ENABLE_DEBUG_INFO = INCLUDE_SOURCE;
				MTL_FAST_MATH = YES;
				ONLY_ACTIVE_ARCH = YES;
				SDKROOT = iphoneos;
				SWIFT_ACTIVE_COMPILATION_CONDITIONS = "DEBUG $(inherited)";
				SWIFT_OPTIMIZATION_LEVEL = "-Onone";
			};
			name = Debug;
		};
		0F3373F82BF8B8B9004B72C8 /* Release */ = {
			isa = XCBuildConfiguration;
			buildSettings = {
				ALWAYS_SEARCH_USER_PATHS = NO;
				ASSETCATALOG_COMPILER_GENERATE_SWIFT_ASSET_SYMBOL_EXTENSIONS = YES;
				CLANG_ANALYZER_NONNULL = YES;
				CLANG_ANALYZER_NUMBER_OBJECT_CONVERSION = YES_AGGRESSIVE;
				CLANG_CXX_LANGUAGE_STANDARD = "gnu++20";
				CLANG_ENABLE_MODULES = YES;
				CLANG_ENABLE_OBJC_ARC = YES;
				CLANG_ENABLE_OBJC_WEAK = YES;
				CLANG_WARN_BLOCK_CAPTURE_AUTORELEASING = YES;
				CLANG_WARN_BOOL_CONVERSION = YES;
				CLANG_WARN_COMMA = YES;
				CLANG_WARN_CONSTANT_CONVERSION = YES;
				CLANG_WARN_DEPRECATED_OBJC_IMPLEMENTATIONS = YES;
				CLANG_WARN_DIRECT_OBJC_ISA_USAGE = YES_ERROR;
				CLANG_WARN_DOCUMENTATION_COMMENTS = YES;
				CLANG_WARN_EMPTY_BODY = YES;
				CLANG_WARN_ENUM_CONVERSION = YES;
				CLANG_WARN_INFINITE_RECURSION = YES;
				CLANG_WARN_INT_CONVERSION = YES;
				CLANG_WARN_NON_LITERAL_NULL_CONVERSION = YES;
				CLANG_WARN_OBJC_IMPLICIT_RETAIN_SELF = YES;
				CLANG_WARN_OBJC_LITERAL_CONVERSION = YES;
				CLANG_WARN_OBJC_ROOT_CLASS = YES_ERROR;
				CLANG_WARN_QUOTED_INCLUDE_IN_FRAMEWORK_HEADER = YES;
				CLANG_WARN_RANGE_LOOP_ANALYSIS = YES;
				CLANG_WARN_STRICT_PROTOTYPES = YES;
				CLANG_WARN_SUSPICIOUS_MOVE = YES;
				CLANG_WARN_UNGUARDED_AVAILABILITY = YES_AGGRESSIVE;
				CLANG_WARN_UNREACHABLE_CODE = YES;
				CLANG_WARN__DUPLICATE_METHOD_MATCH = YES;
				COPY_PHASE_STRIP = NO;
				DEBUG_INFORMATION_FORMAT = "dwarf-with-dsym";
				ENABLE_NS_ASSERTIONS = NO;
				ENABLE_STRICT_OBJC_MSGSEND = YES;
				ENABLE_USER_SCRIPT_SANDBOXING = YES;
				GCC_C_LANGUAGE_STANDARD = gnu17;
				GCC_NO_COMMON_BLOCKS = YES;
				GCC_WARN_64_TO_32_BIT_CONVERSION = YES;
				GCC_WARN_ABOUT_RETURN_TYPE = YES_ERROR;
				GCC_WARN_UNDECLARED_SELECTOR = YES;
				GCC_WARN_UNINITIALIZED_AUTOS = YES_AGGRESSIVE;
				GCC_WARN_UNUSED_FUNCTION = YES;
				GCC_WARN_UNUSED_VARIABLE = YES;
				IPHONEOS_DEPLOYMENT_TARGET = 17.5;
				LOCALIZATION_PREFERS_STRING_CATALOGS = YES;
				MTL_ENABLE_DEBUG_INFO = NO;
				MTL_FAST_MATH = YES;
				SDKROOT = iphoneos;
				SWIFT_COMPILATION_MODE = wholemodule;
				VALIDATE_PRODUCT = YES;
			};
			name = Release;
		};
		0F3373FA2BF8B8B9004B72C8 /* Debug */ = {
			isa = XCBuildConfiguration;
			buildSettings = {
				ASSETCATALOG_COMPILER_APPICON_NAME = AppIcon;
				ASSETCATALOG_COMPILER_GLOBAL_ACCENT_COLOR_NAME = AccentColor;
				CODE_SIGN_STYLE = Automatic;
				CURRENT_PROJECT_VERSION = 1;
				DEVELOPMENT_ASSET_PATHS = "\"Mybrary/Preview Content\"";
				DEVELOPMENT_TEAM = 37925SQG82;
				ENABLE_PREVIEWS = YES;
				GENERATE_INFOPLIST_FILE = YES;
				INFOPLIST_KEY_UIApplicationSceneManifest_Generation = YES;
				INFOPLIST_KEY_UIApplicationSupportsIndirectInputEvents = YES;
				INFOPLIST_KEY_UILaunchScreen_Generation = YES;
				INFOPLIST_KEY_UISupportedInterfaceOrientations_iPad = "UIInterfaceOrientationPortrait UIInterfaceOrientationPortraitUpsideDown UIInterfaceOrientationLandscapeLeft UIInterfaceOrientationLandscapeRight";
				INFOPLIST_KEY_UISupportedInterfaceOrientations_iPhone = "UIInterfaceOrientationPortrait UIInterfaceOrientationLandscapeLeft UIInterfaceOrientationLandscapeRight";
				LD_RUNPATH_SEARCH_PATHS = (
					"$(inherited)",
					"@executable_path/Frameworks",
				);
				MARKETING_VERSION = 1.0;
				PRODUCT_BUNDLE_IDENTIFIER = scaredcr6w.Mybrary;
				PRODUCT_NAME = "$(TARGET_NAME)";
				SWIFT_EMIT_LOC_STRINGS = YES;
				SWIFT_VERSION = 5.0;
				TARGETED_DEVICE_FAMILY = "1,2";
			};
			name = Debug;
		};
		0F3373FB2BF8B8B9004B72C8 /* Release */ = {
			isa = XCBuildConfiguration;
			buildSettings = {
				ASSETCATALOG_COMPILER_APPICON_NAME = AppIcon;
				ASSETCATALOG_COMPILER_GLOBAL_ACCENT_COLOR_NAME = AccentColor;
				CODE_SIGN_STYLE = Automatic;
				CURRENT_PROJECT_VERSION = 1;
				DEVELOPMENT_ASSET_PATHS = "\"Mybrary/Preview Content\"";
				DEVELOPMENT_TEAM = 37925SQG82;
				ENABLE_PREVIEWS = YES;
				GENERATE_INFOPLIST_FILE = YES;
				INFOPLIST_KEY_UIApplicationSceneManifest_Generation = YES;
				INFOPLIST_KEY_UIApplicationSupportsIndirectInputEvents = YES;
				INFOPLIST_KEY_UILaunchScreen_Generation = YES;
				INFOPLIST_KEY_UISupportedInterfaceOrientations_iPad = "UIInterfaceOrientationPortrait UIInterfaceOrientationPortraitUpsideDown UIInterfaceOrientationLandscapeLeft UIInterfaceOrientationLandscapeRight";
				INFOPLIST_KEY_UISupportedInterfaceOrientations_iPhone = "UIInterfaceOrientationPortrait UIInterfaceOrientationLandscapeLeft UIInterfaceOrientationLandscapeRight";
				LD_RUNPATH_SEARCH_PATHS = (
					"$(inherited)",
					"@executable_path/Frameworks",
				);
				MARKETING_VERSION = 1.0;
				PRODUCT_BUNDLE_IDENTIFIER = scaredcr6w.Mybrary;
				PRODUCT_NAME = "$(TARGET_NAME)";
				SWIFT_EMIT_LOC_STRINGS = YES;
				SWIFT_VERSION = 5.0;
				TARGETED_DEVICE_FAMILY = "1,2";
			};
			name = Release;
		};
		0F3373FD2BF8B8B9004B72C8 /* Debug */ = {
			isa = XCBuildConfiguration;
			buildSettings = {
				ALWAYS_EMBED_SWIFT_STANDARD_LIBRARIES = YES;
				BUNDLE_LOADER = "$(TEST_HOST)";
				CODE_SIGN_STYLE = Automatic;
				CURRENT_PROJECT_VERSION = 1;
				DEVELOPMENT_TEAM = 37925SQG82;
				GENERATE_INFOPLIST_FILE = YES;
				IPHONEOS_DEPLOYMENT_TARGET = 17.5;
				MARKETING_VERSION = 1.0;
				PRODUCT_BUNDLE_IDENTIFIER = scaredcr6w.MybraryTests;
				PRODUCT_NAME = "$(TARGET_NAME)";
				SWIFT_EMIT_LOC_STRINGS = NO;
				SWIFT_VERSION = 5.0;
				TARGETED_DEVICE_FAMILY = "1,2";
				TEST_HOST = "$(BUILT_PRODUCTS_DIR)/Mybrary.app/$(BUNDLE_EXECUTABLE_FOLDER_PATH)/Mybrary";
			};
			name = Debug;
		};
		0F3373FE2BF8B8B9004B72C8 /* Release */ = {
			isa = XCBuildConfiguration;
			buildSettings = {
				ALWAYS_EMBED_SWIFT_STANDARD_LIBRARIES = YES;
				BUNDLE_LOADER = "$(TEST_HOST)";
				CODE_SIGN_STYLE = Automatic;
				CURRENT_PROJECT_VERSION = 1;
				DEVELOPMENT_TEAM = 37925SQG82;
				GENERATE_INFOPLIST_FILE = YES;
				IPHONEOS_DEPLOYMENT_TARGET = 17.5;
				MARKETING_VERSION = 1.0;
				PRODUCT_BUNDLE_IDENTIFIER = scaredcr6w.MybraryTests;
				PRODUCT_NAME = "$(TARGET_NAME)";
				SWIFT_EMIT_LOC_STRINGS = NO;
				SWIFT_VERSION = 5.0;
				TARGETED_DEVICE_FAMILY = "1,2";
				TEST_HOST = "$(BUILT_PRODUCTS_DIR)/Mybrary.app/$(BUNDLE_EXECUTABLE_FOLDER_PATH)/Mybrary";
			};
			name = Release;
		};
		0F3374002BF8B8B9004B72C8 /* Debug */ = {
			isa = XCBuildConfiguration;
			buildSettings = {
				ALWAYS_EMBED_SWIFT_STANDARD_LIBRARIES = YES;
				CODE_SIGN_STYLE = Automatic;
				CURRENT_PROJECT_VERSION = 1;
				DEVELOPMENT_TEAM = 37925SQG82;
				GENERATE_INFOPLIST_FILE = YES;
				MARKETING_VERSION = 1.0;
				PRODUCT_BUNDLE_IDENTIFIER = scaredcr6w.MybraryUITests;
				PRODUCT_NAME = "$(TARGET_NAME)";
				SWIFT_EMIT_LOC_STRINGS = NO;
				SWIFT_VERSION = 5.0;
				TARGETED_DEVICE_FAMILY = "1,2";
				TEST_TARGET_NAME = Mybrary;
			};
			name = Debug;
		};
		0F3374012BF8B8B9004B72C8 /* Release */ = {
			isa = XCBuildConfiguration;
			buildSettings = {
				ALWAYS_EMBED_SWIFT_STANDARD_LIBRARIES = YES;
				CODE_SIGN_STYLE = Automatic;
				CURRENT_PROJECT_VERSION = 1;
				DEVELOPMENT_TEAM = 37925SQG82;
				GENERATE_INFOPLIST_FILE = YES;
				MARKETING_VERSION = 1.0;
				PRODUCT_BUNDLE_IDENTIFIER = scaredcr6w.MybraryUITests;
				PRODUCT_NAME = "$(TARGET_NAME)";
				SWIFT_EMIT_LOC_STRINGS = NO;
				SWIFT_VERSION = 5.0;
				TARGETED_DEVICE_FAMILY = "1,2";
				TEST_TARGET_NAME = Mybrary;
			};
			name = Release;
		};
/* End XCBuildConfiguration section */

/* Begin XCConfigurationList section */
		0F3373D02BF8B8B8004B72C8 /* Build configuration list for PBXProject "Mybrary" */ = {
			isa = XCConfigurationList;
			buildConfigurations = (
				0F3373F72BF8B8B9004B72C8 /* Debug */,
				0F3373F82BF8B8B9004B72C8 /* Release */,
			);
			defaultConfigurationIsVisible = 0;
			defaultConfigurationName = Release;
		};
		0F3373F92BF8B8B9004B72C8 /* Build configuration list for PBXNativeTarget "Mybrary" */ = {
			isa = XCConfigurationList;
			buildConfigurations = (
				0F3373FA2BF8B8B9004B72C8 /* Debug */,
				0F3373FB2BF8B8B9004B72C8 /* Release */,
			);
			defaultConfigurationIsVisible = 0;
			defaultConfigurationName = Release;
		};
		0F3373FC2BF8B8B9004B72C8 /* Build configuration list for PBXNativeTarget "MybraryTests" */ = {
			isa = XCConfigurationList;
			buildConfigurations = (
				0F3373FD2BF8B8B9004B72C8 /* Debug */,
				0F3373FE2BF8B8B9004B72C8 /* Release */,
			);
			defaultConfigurationIsVisible = 0;
			defaultConfigurationName = Release;
		};
		0F3373FF2BF8B8B9004B72C8 /* Build configuration list for PBXNativeTarget "MybraryUITests" */ = {
			isa = XCConfigurationList;
			buildConfigurations = (
				0F3374002BF8B8B9004B72C8 /* Debug */,
				0F3374012BF8B8B9004B72C8 /* Release */,
			);
			defaultConfigurationIsVisible = 0;
			defaultConfigurationName = Release;
		};
/* End XCConfigurationList section */
	};
	rootObject = 0F3373CD2BF8B8B8004B72C8 /* Project object */;
}
